
Microsoft Visual Studio Solution File, Format Version 12.00
# Visual Studio 2012
Project("{FAE04EC0-301F-11D3-BF4B-00C04F79EFBC}") = "COMP308_Vipul_Midterm", "COMP308_Vipul_Midterm\COMP308_Vipul_Midterm.csproj", "{BB792FCC-1A73-4384-A753-9784B0B750DB}"
EndProject
Global
	GlobalSection(SolutionConfigurationPlatforms) = preSolution
		Debug|Any CPU = Debug|Any CPU
		Release|Any CPU = Release|Any CPU
	EndGlobalSection
	GlobalSection(ProjectConfigurationPlatforms) = postSolution
		{BB792FCC-1A73-4384-A753-9784B0B750DB}.Debug|Any CPU.ActiveCfg = Debug|Any CPU
		{BB792FCC-1A73-4384-A753-9784B0B750DB}.Debug|Any CPU.Build.0 = Debug|Any CPU
		{BB792FCC-1A73-4384-A753-9784B0B750DB}.Release|Any CPU.ActiveCfg = Release|Any CPU
		{BB792FCC-1A73-4384-A753-9784B0B750DB}.Release|Any CPU.Build.0 = Release|Any CPU
	EndGlobalSection
	GlobalSection(SolutionProperties) = preSolution
		HideSolutionNode = FALSE
	EndGlobalSection
EndGlobal
